
Microsoft Visual Studio Solution File, Format Version 12.00
# Visual Studio Version 17
VisualStudioVersion = 17.8.34525.116
MinimumVisualStudioVersion = 10.0.40219.1
Project("{FAE04EC0-301F-11D3-BF4B-00C04F79EFBC}") = "Funcoes", "Funcoes\Funcoes.csproj", "{7D618D63-764A-4CB2-8286-E32C432AD3A4}"
EndProject
Global
	GlobalSection(SolutionConfigurationPlatforms) = preSolution
		Debug|Any CPU = Debug|Any CPU
		Release|Any CPU = Release|Any CPU
	EndGlobalSection
	GlobalSection(ProjectConfigurationPlatforms) = postSolution
		{7D618D63-764A-4CB2-8286-E32C432AD3A4}.Debug|Any CPU.ActiveCfg = Debug|Any CPU
		{7D618D63-764A-4CB2-8286-E32C432AD3A4}.Debug|Any CPU.Build.0 = Debug|Any CPU
		{7D618D63-764A-4CB2-8286-E32C432AD3A4}.Release|Any CPU.ActiveCfg = Release|Any CPU
		{7D618D63-764A-4CB2-8286-E32C432AD3A4}.Release|Any CPU.Build.0 = Release|Any CPU
	EndGlobalSection
	GlobalSection(SolutionProperties) = preSolution
		HideSolutionNode = FALSE
	EndGlobalSection
	GlobalSection(ExtensibilityGlobals) = postSolution
		SolutionGuid = {BA8B02A4-610D-4A2F-B384-ED16826D221D}
	EndGlobalSection
EndGlobal
